
Microsoft Visual Studio Solution File, Format Version 12.00
# Visual Studio Version 17
VisualStudioVersion = 17.0.31903.59
MinimumVisualStudioVersion = 10.0.40219.1
Project("{2150E333-8FDC-42A3-9474-1A3956D46DE8}") = "src", "src", "{72566AC0-CC87-4D65-A945-F7F2A831157D}"
EndProject
Project("{FAE04EC0-301F-11D3-BF4B-00C04F79EFBC}") = "TelemetryIngestion", "src\TelemetryIngestion\TelemetryIngestion.csproj", "{06228AB7-0AB6-4435-B743-BEE54DA23640}"
EndProject
Project("{2150E333-8FDC-42A3-9474-1A3956D46DE8}") = "tests", "tests", "{DBD7B322-EAF6-4DAB-939E-BD664DDD0B88}"
EndProject
Project("{FAE04EC0-301F-11D3-BF4B-00C04F79EFBC}") = "TelemetryIngestion.Tests", "tests\TelemetryIngestion.Tests\TelemetryIngestion.Tests.csproj", "{0C24F069-7C86-4413-ABED-8C0EFF1DFE15}"
EndProject
Global
	GlobalSection(SolutionConfigurationPlatforms) = preSolution
		Debug|Any CPU = Debug|Any CPU
		Release|Any CPU = Release|Any CPU
	EndGlobalSection
	GlobalSection(SolutionProperties) = preSolution
		HideSolutionNode = FALSE
	EndGlobalSection
	GlobalSection(ProjectConfigurationPlatforms) = postSolution
		{06228AB7-0AB6-4435-B743-BEE54DA23640}.Debug|Any CPU.ActiveCfg = Debug|Any CPU
		{06228AB7-0AB6-4435-B743-BEE54DA23640}.Debug|Any CPU.Build.0 = Debug|Any CPU
		{06228AB7-0AB6-4435-B743-BEE54DA23640}.Release|Any CPU.ActiveCfg = Release|Any CPU
		{06228AB7-0AB6-4435-B743-BEE54DA23640}.Release|Any CPU.Build.0 = Release|Any CPU
		{0C24F069-7C86-4413-ABED-8C0EFF1DFE15}.Debug|Any CPU.ActiveCfg = Debug|Any CPU
		{0C24F069-7C86-4413-ABED-8C0EFF1DFE15}.Debug|Any CPU.Build.0 = Debug|Any CPU
		{0C24F069-7C86-4413-ABED-8C0EFF1DFE15}.Release|Any CPU.ActiveCfg = Release|Any CPU
		{0C24F069-7C86-4413-ABED-8C0EFF1DFE15}.Release|Any CPU.Build.0 = Release|Any CPU
	EndGlobalSection
	GlobalSection(NestedProjects) = preSolution
		{06228AB7-0AB6-4435-B743-BEE54DA23640} = {72566AC0-CC87-4D65-A945-F7F2A831157D}
		{0C24F069-7C86-4413-ABED-8C0EFF1DFE15} = {DBD7B322-EAF6-4DAB-939E-BD664DDD0B88}
	EndGlobalSection
EndGlobal
